
Microsoft Visual Studio Solution File, Format Version 12.00
# Visual Studio 15
VisualStudioVersion = 15.0.28307.645
MinimumVisualStudioVersion = 10.0.40219.1
Project("{E24C65DC-7377-472B-9ABA-BC803B73C61A}") = "Homework", "Homework\", "{6E9EEF4B-267D-4D59-A68D-4ADD92E1BDD9}"
	ProjectSection(WebsiteProperties) = preProject
		TargetFrameworkMoniker = ".NETFramework,Version%3Dv4.6.1"
		Debug.AspNetCompiler.VirtualPath = "/localhost_50209"
		Debug.AspNetCompiler.PhysicalPath = "Homework\"
		Debug.AspNetCompiler.TargetPath = "PrecompiledWeb\localhost_50209\"
		Debug.AspNetCompiler.Updateable = "true"
		Debug.AspNetCompiler.ForceOverwrite = "true"
		Debug.AspNetCompiler.FixedNames = "false"
		Debug.AspNetCompiler.Debug = "True"
		Release.AspNetCompiler.VirtualPath = "/localhost_50209"
		Release.AspNetCompiler.PhysicalPath = "Homework\"
		Release.AspNetCompiler.TargetPath = "PrecompiledWeb\localhost_50209\"
		Release.AspNetCompiler.Updateable = "true"
		Release.AspNetCompiler.ForceOverwrite = "true"
		Release.AspNetCompiler.FixedNames = "false"
		Release.AspNetCompiler.Debug = "False"
		VWDPort = "50209"
		SlnRelativePath = "Homework\"
		DefaultWebSiteLanguage = "Visual C#"
	EndProjectSection
EndProject
Global
	GlobalSection(SolutionConfigurationPlatforms) = preSolution
		Debug|Any CPU = Debug|Any CPU
	EndGlobalSection
	GlobalSection(ProjectConfigurationPlatforms) = postSolution
		{6E9EEF4B-267D-4D59-A68D-4ADD92E1BDD9}.Debug|Any CPU.ActiveCfg = Debug|Any CPU
		{6E9EEF4B-267D-4D59-A68D-4ADD92E1BDD9}.Debug|Any CPU.Build.0 = Debug|Any CPU
	EndGlobalSection
	GlobalSection(SolutionProperties) = preSolution
		HideSolutionNode = FALSE
	EndGlobalSection
	GlobalSection(ExtensibilityGlobals) = postSolution
		SolutionGuid = {CBE39F19-1EFD-4622-B462-D4C9B98E58C7}
	EndGlobalSection
EndGlobal
